
Microsoft Visual Studio Solution File, Format Version 12.00
# Visual Studio Version 16
VisualStudioVersion = 16.0.31402.337
MinimumVisualStudioVersion = 10.0.40219.1
Project("{FAE04EC0-301F-11D3-BF4B-00C04F79EFBC}") = "LoginPage3", "LoginPage3\LoginPage3.csproj", "{01DA4BC8-DF7D-427F-AF7F-3C5C5C239D47}"
EndProject
Global
	GlobalSection(SolutionConfigurationPlatforms) = preSolution
		Debug|Any CPU = Debug|Any CPU
		Release|Any CPU = Release|Any CPU
	EndGlobalSection
	GlobalSection(ProjectConfigurationPlatforms) = postSolution
		{01DA4BC8-DF7D-427F-AF7F-3C5C5C239D47}.Debug|Any CPU.ActiveCfg = Debug|Any CPU
		{01DA4BC8-DF7D-427F-AF7F-3C5C5C239D47}.Debug|Any CPU.Build.0 = Debug|Any CPU
		{01DA4BC8-DF7D-427F-AF7F-3C5C5C239D47}.Release|Any CPU.ActiveCfg = Release|Any CPU
		{01DA4BC8-DF7D-427F-AF7F-3C5C5C239D47}.Release|Any CPU.Build.0 = Release|Any CPU
	EndGlobalSection
	GlobalSection(SolutionProperties) = preSolution
		HideSolutionNode = FALSE
	EndGlobalSection
	GlobalSection(ExtensibilityGlobals) = postSolution
		SolutionGuid = {842AD5B4-36CD-48F6-BC5C-D2CCF86A316B}
	EndGlobalSection
EndGlobal
